<?xml version="1.0" encoding="utf-8"?>
<Project ToolsVersion="4.0" xmlns="http://schemas.microsoft.com/developer/msbuild/2003">
  <ItemGroup>
    <Filter Include="Source Files">
      <UniqueIdentifier>{4FC737F1-C7A5-4376-A066-2A32D752A2FF}</UniqueIdentifier>
      <Extensions>cpp;c;cc;cxx;def;odl;idl;hpj;bat;asm;asmx</Extensions>
    </Filter>
    <Filter Include="Header Files">
      <UniqueIdentifier>{93995380-89BD-4b04-88EB-625FBE52EBFB}</UniqueIdentifier>
      <Extensions>h;hpp;hxx;hm;inl;inc;xsd</Extensions>
    </Filter>
    <Filter Include="Resource Files">
      <UniqueIdentifier>{67DA6AB6-F800-4c08-8B7A-83BB121AAD01}</UniqueIdentifier>
      <Extensions>rc;ico;cur;bmp;dlg;rc2;rct;bin;rgs;gif;jpg;jpeg;jpe;resx;tiff;tif;png;wav;mfcribbon-ms</Extensions>
    </Filter>
  </ItemGroup>
  <ItemGroup>
    <None Include="ReadMe.txt" />
    <None Include="res\shayTamir.rc2">
      <Filter>Resource Files</Filter>
    </None>
    <None Include="res\shayTamir.ico">
      <Filter>Resource Files</Filter>
    </None>
    <None Include="res\background.jpg">
      <Filter>Resource Files</Filter>
    </None>
    <None Include="res\start_512.ico">
      <Filter>Resource Files</Filter>
    </None>
    <None Include="res\myText.bmp">
      <Filter>Resource Files</Filter>
    </None>
    <None Include="res\colors.ico">
      <Filter>Resource Files</Filter>
    </None>
    <None Include="res\Save.ico">
      <Filter>Resource Files</Filter>
    </None>
    <None Include="res\load.ico">
      <Filter>Resource Files</Filter>
    </None>
    <None Include="res\refill.ico">
      <Filter>Resource Files</Filter>
    </None>
    <None Include="res\undeleteall.ico">
      <Filter>Resource Files</Filter>
    </None>
    <None Include="res\removeall.ico">
      <Filter>Resource Files</Filter>
    </None>
    <None Include="res\REdo.ico">
      <Filter>Resource Files</Filter>
    </None>
    <None Include="res\Undo.ico">
      <Filter>Resource Files</Filter>
    </None>
    <None Include="res\exit.ico">
      <Filter>Resource Files</Filter>
    </None>
  </ItemGroup>
  <ItemGroup>
    <ClInclude Include="shayTamir.h">
      <Filter>Header Files</Filter>
    </ClInclude>
    <ClInclude Include="shayTamirDlg.h">
      <Filter>Header Files</Filter>
    </ClInclude>
    <ClInclude Include="stdafx.h">
      <Filter>Header Files</Filter>
    </ClInclude>
    <ClInclude Include="targetver.h">
      <Filter>Header Files</Filter>
    </ClInclude>
    <ClInclude Include="Resource.h">
      <Filter>Header Files</Filter>
    </ClInclude>
    <ClInclude Include="PictureWindow.h">
      <Filter>Header Files</Filter>
    </ClInclude>
    <ClInclude Include="paintDLG.h">
      <Filter>Header Files</Filter>
    </ClInclude>
    <ClInclude Include="addShape.h">
      <Filter>Header Files</Filter>
    </ClInclude>
    <ClInclude Include="Command.h">
      <Filter>Header Files</Filter>
    </ClInclude>
    <ClInclude Include="EllipseFactory.h">
      <Filter>Header Files</Filter>
    </ClInclude>
    <ClInclude Include="LineFactory.h">
      <Filter>Header Files</Filter>
    </ClInclude>
    <ClInclude Include="MyEllipse.h">
      <Filter>Header Files</Filter>
    </ClInclude>
    <ClInclude Include="MyLine.h">
      <Filter>Header Files</Filter>
    </ClInclude>
    <ClInclude Include="MyRectangle.h">
      <Filter>Header Files</Filter>
    </ClInclude>
    <ClInclude Include="MyShape.h">
      <Filter>Header Files</Filter>
    </ClInclude>
    <ClInclude Include="RectangleFactory.h">
      <Filter>Header Files</Filter>
    </ClInclude>
    <ClInclude Include="ShapeFactory.h">
      <Filter>Header Files</Filter>
    </ClInclude>
    <ClInclude Include="MySpray.h">
      <Filter>Header Files</Filter>
    </ClInclude>
    <ClInclude Include="SprayFactory.h">
      <Filter>Header Files</Filter>
    </ClInclude>
    <ClInclude Include="BrushFactory.h">
      <Filter>Header Files</Filter>
    </ClInclude>
    <ClInclude Include="MyBrush.h">
      <Filter>Header Files</Filter>
    </ClInclude>
    <ClInclude Include="dragShape.h">
      <Filter>Header Files</Filter>
    </ClInclude>
  </ItemGroup>
  <ItemGroup>
    <ClCompile Include="shayTamir.cpp">
      <Filter>Source Files</Filter>
    </ClCompile>
    <ClCompile Include="shayTamirDlg.cpp">
      <Filter>Source Files</Filter>
    </ClCompile>
    <ClCompile Include="stdafx.cpp">
      <Filter>Source Files</Filter>
    </ClCompile>
    <ClCompile Include="paintDLG.cpp">
      <Filter>Source Files</Filter>
    </ClCompile>
    <ClCompile Include="addShape.cpp">
      <Filter>Source Files</Filter>
    </ClCompile>
    <ClCompile Include="Command.cpp">
      <Filter>Source Files</Filter>
    </ClCompile>
    <ClCompile Include="EllipseFactory.cpp">
      <Filter>Source Files</Filter>
    </ClCompile>
    <ClCompile Include="LineFactory.cpp">
      <Filter>Source Files</Filter>
    </ClCompile>
    <ClCompile Include="MyEllipse.cpp">
      <Filter>Source Files</Filter>
    </ClCompile>
    <ClCompile Include="MyLine.cpp">
      <Filter>Source Files</Filter>
    </ClCompile>
    <ClCompile Include="MyRectangle.cpp">
      <Filter>Source Files</Filter>
    </ClCompile>
    <ClCompile Include="MyShape.cpp">
      <Filter>Source Files</Filter>
    </ClCompile>
    <ClCompile Include="RectangleFactory.cpp">
      <Filter>Source Files</Filter>
    </ClCompile>
    <ClCompile Include="ShapeFactory.cpp">
      <Filter>Source Files</Filter>
    </ClCompile>
    <ClCompile Include="MySpray.cpp">
      <Filter>Source Files</Filter>
    </ClCompile>
    <ClCompile Include="SprayFactory.cpp">
      <Filter>Source Files</Filter>
    </ClCompile>
    <ClCompile Include="BrushFactory.cpp">
      <Filter>Source Files</Filter>
    </ClCompile>
    <ClCompile Include="MyBrush.cpp">
      <Filter>Source Files</Filter>
    </ClCompile>
    <ClCompile Include="dragShape.cpp">
      <Filter>Source Files</Filter>
    </ClCompile>
  </ItemGroup>
  <ItemGroup>
    <ResourceCompile Include="shayTamir.rc">
      <Filter>Resource Files</Filter>
    </ResourceCompile>
  </ItemGroup>
</Project>